
Microsoft Visual Studio Solution File, Format Version 12.00
# Visual Studio Version 17
VisualStudioVersion = 17.4.33213.308
MinimumVisualStudioVersion = 10.0.40219.1
Project("{9A19103F-16F7-4668-BE54-9A1E7A4F7556}") = "UnknownServerWV", "UnknownServerWV\UnknownServerWV.csproj", "{65DB5CAB-8533-4716-8A16-F65D9E0EC719}"
EndProject
Project("{9A19103F-16F7-4668-BE54-9A1E7A4F7556}") = "Server", "Server\Server.csproj", "{CA690F92-9064-454B-A697-D3EEAC4F3BD0}"
EndProject
Project("{9A19103F-16F7-4668-BE54-9A1E7A4F7556}") = "NetDefines", "NetDefines\NetDefines.csproj", "{4AA0D837-7AC1-43FD-B291-9146D545D3D9}"
EndProject
Project("{FAE04EC0-301F-11D3-BF4B-00C04F79EFBC}") = "GameDataServer", "GameDataServer\GameDataServer.csproj", "{FE83C463-B4EC-4A5A-B648-D79C2D09960D}"
EndProject
Project("{FAE04EC0-301F-11D3-BF4B-00C04F79EFBC}") = "ReplayExplorer", "ReplayExplorer\ReplayExplorer.csproj", "{A48C7DA8-C6B0-41AF-98BB-C3F88BB57BB2}"
EndProject
Global
	GlobalSection(SolutionConfigurationPlatforms) = preSolution
		Release|x64 = Release|x64
	EndGlobalSection
	GlobalSection(ProjectConfigurationPlatforms) = postSolution
		{65DB5CAB-8533-4716-8A16-F65D9E0EC719}.Release|x64.ActiveCfg = Release|x64
		{65DB5CAB-8533-4716-8A16-F65D9E0EC719}.Release|x64.Build.0 = Release|x64
		{CA690F92-9064-454B-A697-D3EEAC4F3BD0}.Release|x64.ActiveCfg = Release|x64
		{CA690F92-9064-454B-A697-D3EEAC4F3BD0}.Release|x64.Build.0 = Release|x64
		{4AA0D837-7AC1-43FD-B291-9146D545D3D9}.Release|x64.ActiveCfg = Release|x64
		{4AA0D837-7AC1-43FD-B291-9146D545D3D9}.Release|x64.Build.0 = Release|x64
		{FE83C463-B4EC-4A5A-B648-D79C2D09960D}.Release|x64.ActiveCfg = Release|x64
		{FE83C463-B4EC-4A5A-B648-D79C2D09960D}.Release|x64.Build.0 = Release|x64
		{A48C7DA8-C6B0-41AF-98BB-C3F88BB57BB2}.Release|x64.ActiveCfg = Release|x64
		{A48C7DA8-C6B0-41AF-98BB-C3F88BB57BB2}.Release|x64.Build.0 = Release|x64
	EndGlobalSection
	GlobalSection(SolutionProperties) = preSolution
		HideSolutionNode = FALSE
	EndGlobalSection
	GlobalSection(ExtensibilityGlobals) = postSolution
		SolutionGuid = {EBAEEF55-D1F5-4B92-80B8-5E2743A8CA22}
	EndGlobalSection
EndGlobal
